
Microsoft Visual Studio Solution File, Format Version 12.00
# Visual Studio Version 17
VisualStudioVersion = 17.0.31903.59
MinimumVisualStudioVersion = 10.0.40219.1
Project("{2150E333-8FDC-42A3-9474-1A3956D46DE8}") = "src", "src", "{827E0CD3-B72D-47B6-A68D-7590B98EB39B}"
EndProject
Project("{FAE04EC0-301F-11D3-BF4B-00C04F79EFBC}") = "Redline.Core", "src\Redline.Core\Redline.Core.csproj", "{355E6C98-3447-440F-B8DA-212571887D68}"
EndProject
Project("{FAE04EC0-301F-11D3-BF4B-00C04F79EFBC}") = "Redline.Windows", "src\Redline.Windows\Redline.Windows.csproj", "{C813DBD6-7C4C-4FFC-BEEA-FA21B3EC99B5}"
EndProject
Project("{FAE04EC0-301F-11D3-BF4B-00C04F79EFBC}") = "Redline.CompatibilityHarness", "tools\Redline.CompatibilityHarness\Redline.CompatibilityHarness.csproj", "{2996D6E1-599D-405E-B4AC-5C41F662FB21}"
EndProject
Project("{2150E333-8FDC-42A3-9474-1A3956D46DE8}") = "tests", "tests", "{0AB3BF05-4346-4AA6-1389-037BE0695223}"
EndProject
Project("{FAE04EC0-301F-11D3-BF4B-00C04F79EFBC}") = "Redline.Core.Tests", "tests\Redline.Core.Tests\Redline.Core.Tests.csproj", "{92236E99-DF12-4920-92B0-A0433E1BFA4F}"
EndProject
Project("{FAE04EC0-301F-11D3-BF4B-00C04F79EFBC}") = "Redline.Analysis", "src\Redline.Analysis\Redline.Analysis.csproj", "{EF52BD31-1BC5-46A0-A8EA-E03DECE2E44F}"
EndProject
Project("{FAE04EC0-301F-11D3-BF4B-00C04F79EFBC}") = "Redline.Analysis.Harper", "src\Redline.Analysis.Harper\Redline.Analysis.Harper.csproj", "{D7ACFF54-C7EA-4F9D-BF40-FA390ED12350}"
EndProject
Project("{FAE04EC0-301F-11D3-BF4B-00C04F79EFBC}") = "Redline.App", "src\Redline.App\Redline.App.csproj", "{D6A93B34-9DD7-427F-B7BF-6A2831CF398B}"
EndProject
Project("{FAE04EC0-301F-11D3-BF4B-00C04F79EFBC}") = "Redline.Analysis.Tests", "tests\Redline.Analysis.Tests\Redline.Analysis.Tests.csproj", "{87665E42-D481-4EB0-9BC2-A5898035D57A}"
EndProject
Project("{FAE04EC0-301F-11D3-BF4B-00C04F79EFBC}") = "Redline.Windows.Tests", "tests\Redline.Windows.Tests\Redline.Windows.Tests.csproj", "{B1DFFBCC-5F2A-4F11-835E-C5FC65C0494D}"
EndProject
Global
	GlobalSection(SolutionConfigurationPlatforms) = preSolution
		Debug|Any CPU = Debug|Any CPU
		Debug|x64 = Debug|x64
		Debug|x86 = Debug|x86
		Release|Any CPU = Release|Any CPU
		Release|x64 = Release|x64
		Release|x86 = Release|x86
	EndGlobalSection
	GlobalSection(ProjectConfigurationPlatforms) = postSolution
		{355E6C98-3447-440F-B8DA-212571887D68}.Debug|Any CPU.ActiveCfg = Debug|Any CPU
		{355E6C98-3447-440F-B8DA-212571887D68}.Debug|Any CPU.Build.0 = Debug|Any CPU
		{355E6C98-3447-440F-B8DA-212571887D68}.Debug|x64.ActiveCfg = Debug|Any CPU
		{355E6C98-3447-440F-B8DA-212571887D68}.Debug|x64.Build.0 = Debug|Any CPU
		{355E6C98-3447-440F-B8DA-212571887D68}.Debug|x86.ActiveCfg = Debug|Any CPU
		{355E6C98-3447-440F-B8DA-212571887D68}.Debug|x86.Build.0 = Debug|Any CPU
		{355E6C98-3447-440F-B8DA-212571887D68}.Release|Any CPU.ActiveCfg = Release|Any CPU
		{355E6C98-3447-440F-B8DA-212571887D68}.Release|Any CPU.Build.0 = Release|Any CPU
		{355E6C98-3447-440F-B8DA-212571887D68}.Release|x64.ActiveCfg = Release|Any CPU
		{355E6C98-3447-440F-B8DA-212571887D68}.Release|x64.Build.0 = Release|Any CPU
		{355E6C98-3447-440F-B8DA-212571887D68}.Release|x86.ActiveCfg = Release|Any CPU
		{355E6C98-3447-440F-B8DA-212571887D68}.Release|x86.Build.0 = Release|Any CPU
		{C813DBD6-7C4C-4FFC-BEEA-FA21B3EC99B5}.Debug|Any CPU.ActiveCfg = Debug|Any CPU
		{C813DBD6-7C4C-4FFC-BEEA-FA21B3EC99B5}.Debug|Any CPU.Build.0 = Debug|Any CPU
		{C813DBD6-7C4C-4FFC-BEEA-FA21B3EC99B5}.Debug|x64.ActiveCfg = Debug|Any CPU
		{C813DBD6-7C4C-4FFC-BEEA-FA21B3EC99B5}.Debug|x64.Build.0 = Debug|Any CPU
		{C813DBD6-7C4C-4FFC-BEEA-FA21B3EC99B5}.Debug|x86.ActiveCfg = Debug|Any CPU
		{C813DBD6-7C4C-4FFC-BEEA-FA21B3EC99B5}.Debug|x86.Build.0 = Debug|Any CPU
		{C813DBD6-7C4C-4FFC-BEEA-FA21B3EC99B5}.Release|Any CPU.ActiveCfg = Release|Any CPU
		{C813DBD6-7C4C-4FFC-BEEA-FA21B3EC99B5}.Release|Any CPU.Build.0 = Release|Any CPU
		{C813DBD6-7C4C-4FFC-BEEA-FA21B3EC99B5}.Release|x64.ActiveCfg = Release|Any CPU
		{C813DBD6-7C4C-4FFC-BEEA-FA21B3EC99B5}.Release|x64.Build.0 = Release|Any CPU
		{C813DBD6-7C4C-4FFC-BEEA-FA21B3EC99B5}.Release|x86.ActiveCfg = Release|Any CPU
		{C813DBD6-7C4C-4FFC-BEEA-FA21B3EC99B5}.Release|x86.Build.0 = Release|Any CPU
		{2996D6E1-599D-405E-B4AC-5C41F662FB21}.Debug|Any CPU.ActiveCfg = Debug|Any CPU
		{2996D6E1-599D-405E-B4AC-5C41F662FB21}.Debug|Any CPU.Build.0 = Debug|Any CPU
		{2996D6E1-599D-405E-B4AC-5C41F662FB21}.Debug|x64.ActiveCfg = Debug|Any CPU
		{2996D6E1-599D-405E-B4AC-5C41F662FB21}.Debug|x64.Build.0 = Debug|Any CPU
		{2996D6E1-599D-405E-B4AC-5C41F662FB21}.Debug|x86.ActiveCfg = Debug|Any CPU
		{2996D6E1-599D-405E-B4AC-5C41F662FB21}.Debug|x86.Build.0 = Debug|Any CPU
		{2996D6E1-599D-405E-B4AC-5C41F662FB21}.Release|Any CPU.ActiveCfg = Release|Any CPU
		{2996D6E1-599D-405E-B4AC-5C41F662FB21}.Release|Any CPU.Build.0 = Release|Any CPU
		{2996D6E1-599D-405E-B4AC-5C41F662FB21}.Release|x64.ActiveCfg = Release|Any CPU
		{2996D6E1-599D-405E-B4AC-5C41F662FB21}.Release|x64.Build.0 = Release|Any CPU
		{2996D6E1-599D-405E-B4AC-5C41F662FB21}.Release|x86.ActiveCfg = Release|Any CPU
		{2996D6E1-599D-405E-B4AC-5C41F662FB21}.Release|x86.Build.0 = Release|Any CPU
		{92236E99-DF12-4920-92B0-A0433E1BFA4F}.Debug|Any CPU.ActiveCfg = Debug|Any CPU
		{92236E99-DF12-4920-92B0-A0433E1BFA4F}.Debug|Any CPU.Build.0 = Debug|Any CPU
		{92236E99-DF12-4920-92B0-A0433E1BFA4F}.Debug|x64.ActiveCfg = Debug|Any CPU
		{92236E99-DF12-4920-92B0-A0433E1BFA4F}.Debug|x64.Build.0 = Debug|Any CPU
		{92236E99-DF12-4920-92B0-A0433E1BFA4F}.Debug|x86.ActiveCfg = Debug|Any CPU
		{92236E99-DF12-4920-92B0-A0433E1BFA4F}.Debug|x86.Build.0 = Debug|Any CPU
		{92236E99-DF12-4920-92B0-A0433E1BFA4F}.Release|Any CPU.ActiveCfg = Release|Any CPU
		{92236E99-DF12-4920-92B0-A0433E1BFA4F}.Release|Any CPU.Build.0 = Release|Any CPU
		{92236E99-DF12-4920-92B0-A0433E1BFA4F}.Release|x64.ActiveCfg = Release|Any CPU
		{92236E99-DF12-4920-92B0-A0433E1BFA4F}.Release|x64.Build.0 = Release|Any CPU
		{92236E99-DF12-4920-92B0-A0433E1BFA4F}.Release|x86.ActiveCfg = Release|Any CPU
		{92236E99-DF12-4920-92B0-A0433E1BFA4F}.Release|x86.Build.0 = Release|Any CPU
		{EF52BD31-1BC5-46A0-A8EA-E03DECE2E44F}.Debug|Any CPU.ActiveCfg = Debug|Any CPU
		{EF52BD31-1BC5-46A0-A8EA-E03DECE2E44F}.Debug|Any CPU.Build.0 = Debug|Any CPU
		{EF52BD31-1BC5-46A0-A8EA-E03DECE2E44F}.Debug|x64.ActiveCfg = Debug|Any CPU
		{EF52BD31-1BC5-46A0-A8EA-E03DECE2E44F}.Debug|x64.Build.0 = Debug|Any CPU
		{EF52BD31-1BC5-46A0-A8EA-E03DECE2E44F}.Debug|x86.ActiveCfg = Debug|Any CPU
		{EF52BD31-1BC5-46A0-A8EA-E03DECE2E44F}.Debug|x86.Build.0 = Debug|Any CPU
		{EF52BD31-1BC5-46A0-A8EA-E03DECE2E44F}.Release|Any CPU.ActiveCfg = Release|Any CPU
		{EF52BD31-1BC5-46A0-A8EA-E03DECE2E44F}.Release|Any CPU.Build.0 = Release|Any CPU
		{EF52BD31-1BC5-46A0-A8EA-E03DECE2E44F}.Release|x64.ActiveCfg = Release|Any CPU
		{EF52BD31-1BC5-46A0-A8EA-E03DECE2E44F}.Release|x64.Build.0 = Release|Any CPU
		{EF52BD31-1BC5-46A0-A8EA-E03DECE2E44F}.Release|x86.ActiveCfg = Release|Any CPU
		{EF52BD31-1BC5-46A0-A8EA-E03DECE2E44F}.Release|x86.Build.0 = Release|Any CPU
		{D7ACFF54-C7EA-4F9D-BF40-FA390ED12350}.Debug|Any CPU.ActiveCfg = Debug|Any CPU
		{D7ACFF54-C7EA-4F9D-BF40-FA390ED12350}.Debug|Any CPU.Build.0 = Debug|Any CPU
		{D7ACFF54-C7EA-4F9D-BF40-FA390ED12350}.Debug|x64.ActiveCfg = Debug|Any CPU
		{D7ACFF54-C7EA-4F9D-BF40-FA390ED12350}.Debug|x64.Build.0 = Debug|Any CPU
		{D7ACFF54-C7EA-4F9D-BF40-FA390ED12350}.Debug|x86.ActiveCfg = Debug|Any CPU
		{D7ACFF54-C7EA-4F9D-BF40-FA390ED12350}.Debug|x86.Build.0 = Debug|Any CPU
		{D7ACFF54-C7EA-4F9D-BF40-FA390ED12350}.Release|Any CPU.ActiveCfg = Release|Any CPU
		{D7ACFF54-C7EA-4F9D-BF40-FA390ED12350}.Release|Any CPU.Build.0 = Release|Any CPU
		{D7ACFF54-C7EA-4F9D-BF40-FA390ED12350}.Release|x64.ActiveCfg = Release|Any CPU
		{D7ACFF54-C7EA-4F9D-BF40-FA390ED12350}.Release|x64.Build.0 = Release|Any CPU
		{D7ACFF54-C7EA-4F9D-BF40-FA390ED12350}.Release|x86.ActiveCfg = Release|Any CPU
		{D7ACFF54-C7EA-4F9D-BF40-FA390ED12350}.Release|x86.Build.0 = Release|Any CPU
		{D6A93B34-9DD7-427F-B7BF-6A2831CF398B}.Debug|Any CPU.ActiveCfg = Debug|Any CPU
		{D6A93B34-9DD7-427F-B7BF-6A2831CF398B}.Debug|Any CPU.Build.0 = Debug|Any CPU
		{D6A93B34-9DD7-427F-B7BF-6A2831CF398B}.Debug|x64.ActiveCfg = Debug|Any CPU
		{D6A93B34-9DD7-427F-B7BF-6A2831CF398B}.Debug|x64.Build.0 = Debug|Any CPU
		{D6A93B34-9DD7-427F-B7BF-6A2831CF398B}.Debug|x86.ActiveCfg = Debug|Any CPU
		{D6A93B34-9DD7-427F-B7BF-6A2831CF398B}.Debug|x86.Build.0 = Debug|Any CPU
		{D6A93B34-9DD7-427F-B7BF-6A2831CF398B}.Release|Any CPU.ActiveCfg = Release|Any CPU
		{D6A93B34-9DD7-427F-B7BF-6A2831CF398B}.Release|Any CPU.Build.0 = Release|Any CPU
		{D6A93B34-9DD7-427F-B7BF-6A2831CF398B}.Release|x64.ActiveCfg = Release|Any CPU
		{D6A93B34-9DD7-427F-B7BF-6A2831CF398B}.Release|x64.Build.0 = Release|Any CPU
		{D6A93B34-9DD7-427F-B7BF-6A2831CF398B}.Release|x86.ActiveCfg = Release|Any CPU
		{D6A93B34-9DD7-427F-B7BF-6A2831CF398B}.Release|x86.Build.0 = Release|Any CPU
		{87665E42-D481-4EB0-9BC2-A5898035D57A}.Debug|Any CPU.ActiveCfg = Debug|Any CPU
		{87665E42-D481-4EB0-9BC2-A5898035D57A}.Debug|Any CPU.Build.0 = Debug|Any CPU
		{87665E42-D481-4EB0-9BC2-A5898035D57A}.Debug|x64.ActiveCfg = Debug|Any CPU
		{87665E42-D481-4EB0-9BC2-A5898035D57A}.Debug|x64.Build.0 = Debug|Any CPU
		{87665E42-D481-4EB0-9BC2-A5898035D57A}.Debug|x86.ActiveCfg = Debug|Any CPU
		{87665E42-D481-4EB0-9BC2-A5898035D57A}.Debug|x86.Build.0 = Debug|Any CPU
		{87665E42-D481-4EB0-9BC2-A5898035D57A}.Release|Any CPU.ActiveCfg = Release|Any CPU
		{87665E42-D481-4EB0-9BC2-A5898035D57A}.Release|Any CPU.Build.0 = Release|Any CPU
		{87665E42-D481-4EB0-9BC2-A5898035D57A}.Release|x64.ActiveCfg = Release|Any CPU
		{87665E42-D481-4EB0-9BC2-A5898035D57A}.Release|x64.Build.0 = Release|Any CPU
		{87665E42-D481-4EB0-9BC2-A5898035D57A}.Release|x86.ActiveCfg = Release|Any CPU
		{87665E42-D481-4EB0-9BC2-A5898035D57A}.Release|x86.Build.0 = Release|Any CPU
		{B1DFFBCC-5F2A-4F11-835E-C5FC65C0494D}.Debug|Any CPU.ActiveCfg = Debug|Any CPU
		{B1DFFBCC-5F2A-4F11-835E-C5FC65C0494D}.Debug|Any CPU.Build.0 = Debug|Any CPU
		{B1DFFBCC-5F2A-4F11-835E-C5FC65C0494D}.Debug|x64.ActiveCfg = Debug|Any CPU
		{B1DFFBCC-5F2A-4F11-835E-C5FC65C0494D}.Debug|x64.Build.0 = Debug|Any CPU
		{B1DFFBCC-5F2A-4F11-835E-C5FC65C0494D}.Debug|x86.ActiveCfg = Debug|Any CPU
		{B1DFFBCC-5F2A-4F11-835E-C5FC65C0494D}.Debug|x86.Build.0 = Debug|Any CPU
		{B1DFFBCC-5F2A-4F11-835E-C5FC65C0494D}.Release|Any CPU.ActiveCfg = Release|Any CPU
		{B1DFFBCC-5F2A-4F11-835E-C5FC65C0494D}.Release|Any CPU.Build.0 = Release|Any CPU
		{B1DFFBCC-5F2A-4F11-835E-C5FC65C0494D}.Release|x64.ActiveCfg = Release|Any CPU
		{B1DFFBCC-5F2A-4F11-835E-C5FC65C0494D}.Release|x64.Build.0 = Release|Any CPU
		{B1DFFBCC-5F2A-4F11-835E-C5FC65C0494D}.Release|x86.ActiveCfg = Release|Any CPU
		{B1DFFBCC-5F2A-4F11-835E-C5FC65C0494D}.Release|x86.Build.0 = Release|Any CPU
	EndGlobalSection
	GlobalSection(SolutionProperties) = preSolution
		HideSolutionNode = FALSE
	EndGlobalSection
	GlobalSection(NestedProjects) = preSolution
		{355E6C98-3447-440F-B8DA-212571887D68} = {827E0CD3-B72D-47B6-A68D-7590B98EB39B}
		{C813DBD6-7C4C-4FFC-BEEA-FA21B3EC99B5} = {827E0CD3-B72D-47B6-A68D-7590B98EB39B}
		{2996D6E1-599D-405E-B4AC-5C41F662FB21} = {827E0CD3-B72D-47B6-A68D-7590B98EB39B}
		{92236E99-DF12-4920-92B0-A0433E1BFA4F} = {0AB3BF05-4346-4AA6-1389-037BE0695223}
		{EF52BD31-1BC5-46A0-A8EA-E03DECE2E44F} = {827E0CD3-B72D-47B6-A68D-7590B98EB39B}
		{D7ACFF54-C7EA-4F9D-BF40-FA390ED12350} = {827E0CD3-B72D-47B6-A68D-7590B98EB39B}
		{D6A93B34-9DD7-427F-B7BF-6A2831CF398B} = {827E0CD3-B72D-47B6-A68D-7590B98EB39B}
		{87665E42-D481-4EB0-9BC2-A5898035D57A} = {0AB3BF05-4346-4AA6-1389-037BE0695223}
		{B1DFFBCC-5F2A-4F11-835E-C5FC65C0494D} = {0AB3BF05-4346-4AA6-1389-037BE0695223}
	EndGlobalSection
EndGlobal
